PODS:
  - Nimble (5.0.0-alpha.30p1)
  - Quick (0.9.3)

DEPENDENCIES:
  - Nimble (from `https://github.com/Quick/Nimble.git`, branch `swift-3.0`)
  - Quick (from `https://github.com/Quick/Quick.git`, branch `swift-3.0`)

EXTERNAL SOURCES:
  Nimble:
    :branch: swift-3.0
    :git: https://github.com/Quick/Nimble.git
  Quick:
    :branch: swift-3.0
    :git: https://github.com/Quick/Quick.git

CHECKOUT OPTIONS:
  Nimble:
    :commit: 4b539a275d2714212ce598177d586680fc088927
    :git: https://github.com/Quick/Nimble.git
  Quick:
    :commit: 0c8e51e750b48b759087a729f3fe6423934b3158
    :git: https://github.com/Quick/Quick.git

SPEC CHECKSUMS:
  Nimble: c5b995b4cd57789ec44b0cfb79640fc00e61a8c7
  Quick: 31fb576b6cbb6b028cc5e0016e4366accbb346f5

PODFILE CHECKSUM: 6e0b0cc14de8dfed813a879d1044d1cd6236f0a7

COCOAPODS: 1.1.0.beta.1
