// !$*UTF8*$!
{
	archiveVersion = 1;
	classes = {
	};
	objectVersion = 46;
	objects = {

/* Begin PBXBuildFile section */
		837CE40D1D4C50B000EC3FDA /* IBLocalizable.h in Headers */ = {isa = PBXBuildFile; fileRef = 837CE40C1D4C50B000EC3FDA /* IBLocalizable.h */; settings = {ATTRIBUTES = (Public, ); }; };
		837CE4141D4C50B000EC3FDA /* IBLocalizable.framework in Frameworks */ = {isa = PBXBuildFile; fileRef = 837CE4091D4C50B000EC3FDA /* IBLocalizable.framework */; };
		837CE4191D4C50B000EC3FDA /* IBLocalizableTests.swift in Sources */ = {isa = PBXBuildFile; fileRef = 837CE4181D4C50B000EC3FDA /* IBLocalizableTests.swift */; };
		837CE4241D4C54D400EC3FDA /* Localizable.swift in Sources */ = {isa = PBXBuildFile; fileRef = 837CE4231D4C54D400EC3FDA /* Localizable.swift */; };
		837CE42B1D4C59AE00EC3FDA /* LocalizableString.swift in Sources */ = {isa = PBXBuildFile; fileRef = 837CE42A1D4C59AE00EC3FDA /* LocalizableString.swift */; };
		837CE4331D4C5B6900EC3FDA /* AppDelegate.swift in Sources */ = {isa = PBXBuildFile; fileRef = 837CE4321D4C5B6900EC3FDA /* AppDelegate.swift */; };
		837CE4351D4C5B6900EC3FDA /* ViewController.swift in Sources */ = {isa = PBXBuildFile; fileRef = 837CE4341D4C5B6900EC3FDA /* ViewController.swift */; };
		837CE4381D4C5B6900EC3FDA /* Main.storyboard in Resources */ = {isa = PBXBuildFile; fileRef = 837CE4361D4C5B6900EC3FDA /* Main.storyboard */; };
		837CE43A1D4C5B6900EC3FDA /* Assets.xcassets in Resources */ = {isa = PBXBuildFile; fileRef = 837CE4391D4C5B6900EC3FDA /* Assets.xcassets */; };
		837CE43D1D4C5B6900EC3FDA /* LaunchScreen.storyboard in Resources */ = {isa = PBXBuildFile; fileRef = 837CE43B1D4C5B6900EC3FDA /* LaunchScreen.storyboard */; };
		837CE4421D4C5BF000EC3FDA /* LocalizableString.swift in Sources */ = {isa = PBXBuildFile; fileRef = 837CE42A1D4C59AE00EC3FDA /* LocalizableString.swift */; };
		837CE4441D4C5BFB00EC3FDA /* Localizable.swift in Sources */ = {isa = PBXBuildFile; fileRef = 837CE4231D4C54D400EC3FDA /* Localizable.swift */; };
		837CE44B1D4C5D3F00EC3FDA /* Localizable.strings in Resources */ = {isa = PBXBuildFile; fileRef = 837CE44D1D4C5D3F00EC3FDA /* Localizable.strings */; };
		837CE44F1D4C5F0D00EC3FDA /* LocalizableLabel.swift in Sources */ = {isa = PBXBuildFile; fileRef = 837CE44E1D4C5F0D00EC3FDA /* LocalizableLabel.swift */; };
		837CE4501D4C5F0D00EC3FDA /* LocalizableLabel.swift in Sources */ = {isa = PBXBuildFile; fileRef = 837CE44E1D4C5F0D00EC3FDA /* LocalizableLabel.swift */; };
		837CE4521D4C684600EC3FDA /* LocalizableButton.swift in Sources */ = {isa = PBXBuildFile; fileRef = 837CE4511D4C684600EC3FDA /* LocalizableButton.swift */; };
		837CE4531D4C684600EC3FDA /* LocalizableButton.swift in Sources */ = {isa = PBXBuildFile; fileRef = 837CE4511D4C684600EC3FDA /* LocalizableButton.swift */; };
		837CE45B1D4C73FA00EC3FDA /* LocalizableTextField.swift in Sources */ = {isa = PBXBuildFile; fileRef = 837CE45A1D4C73FA00EC3FDA /* LocalizableTextField.swift */; };
		837CE45C1D4C73FA00EC3FDA /* LocalizableTextField.swift in Sources */ = {isa = PBXBuildFile; fileRef = 837CE45A1D4C73FA00EC3FDA /* LocalizableTextField.swift */; };
		837CE45E1D4C74D400EC3FDA /* LocalizableTextView.swift in Sources */ = {isa = PBXBuildFile; fileRef = 837CE45D1D4C74D400EC3FDA /* LocalizableTextView.swift */; };
		837CE45F1D4C74D400EC3FDA /* LocalizableTextView.swift in Sources */ = {isa = PBXBuildFile; fileRef = 837CE45D1D4C74D400EC3FDA /* LocalizableTextView.swift */; };
		837CE4641D4C768F00EC3FDA /* LocalizableUIBarItem.swift in Sources */ = {isa = PBXBuildFile; fileRef = 837CE4631D4C768F00EC3FDA /* LocalizableUIBarItem.swift */; };
		837CE4651D4C768F00EC3FDA /* LocalizableUIBarItem.swift in Sources */ = {isa = PBXBuildFile; fileRef = 837CE4631D4C768F00EC3FDA /* LocalizableUIBarItem.swift */; };
		837CE4671D4C78AF00EC3FDA /* LocalizableNavigationItem.swift in Sources */ = {isa = PBXBuildFile; fileRef = 837CE4661D4C78AF00EC3FDA /* LocalizableNavigationItem.swift */; };
		837CE4681D4C78AF00EC3FDA /* LocalizableNavigationItem.swift in Sources */ = {isa = PBXBuildFile; fileRef = 837CE4661D4C78AF00EC3FDA /* LocalizableNavigationItem.swift */; };
		837CE46B1D4D257900EC3FDA /* LocalizableStringSpecs.swift in Sources */ = {isa = PBXBuildFile; fileRef = 837CE46A1D4D257900EC3FDA /* LocalizableStringSpecs.swift */; };
		837CE46D1D4D271200EC3FDA /* Localizable.strings in Resources */ = {isa = PBXBuildFile; fileRef = 837CE46C1D4D271200EC3FDA /* Localizable.strings */; };
		837CE46F1D4D280700EC3FDA /* BundleUtil.swift in Sources */ = {isa = PBXBuildFile; fileRef = 837CE46E1D4D280700EC3FDA /* BundleUtil.swift */; };
		837CE4721D4D2C5D00EC3FDA /* LocalizableViewSpecs.swift in Sources */ = {isa = PBXBuildFile; fileRef = 837CE4711D4D2C5D00EC3FDA /* LocalizableViewSpecs.swift */; };
		837CE4751D4D2DAA00EC3FDA /* LocalizableSpecs.swift in Sources */ = {isa = PBXBuildFile; fileRef = 837CE4741D4D2DAA00EC3FDA /* LocalizableSpecs.swift */; };
		837CE4771D4D33F200EC3FDA /* LocalizableUIBarItemsSpecs.swift in Sources */ = {isa = PBXBuildFile; fileRef = 837CE4761D4D33F200EC3FDA /* LocalizableUIBarItemsSpecs.swift */; };
		83E6590C1D565DF9002023B7 /* LocalizableUISearchBar.swift in Sources */ = {isa = PBXBuildFile; fileRef = 83E6590B1D565DF9002023B7 /* LocalizableUISearchBar.swift */; };
		83E6590D1D565DF9002023B7 /* LocalizableUISearchBar.swift in Sources */ = {isa = PBXBuildFile; fileRef = 83E6590B1D565DF9002023B7 /* LocalizableUISearchBar.swift */; };
		993D44C6DA625923A1C9BF71 /* Pods_IBLocalizableTests.framework in Frameworks */ = {isa = PBXBuildFile; fileRef = C5F6A12C4F155F4CBCFFC6C6 /* Pods_IBLocalizableTests.framework */; };
/* End PBXBuildFile section */

/* Begin PBXContainerItemProxy section */
		837CE4151D4C50B000EC3FDA /* PBXContainerItemProxy */ = {
			isa = PBXContainerItemProxy;
			containerPortal = 837CE4001D4C50B000EC3FDA /* Project object */;
			proxyType = 1;
			remoteGlobalIDString = 837CE4081D4C50B000EC3FDA;
			remoteInfo = IBLocalizable;
		};
/* End PBXContainerItemProxy section */

/* Begin PBXFileReference section */
		70D0E4460AE6736D8686BB7A /* Pods-IBLocalizableTests.debug.xcconfig */ = {isa = PBXFileReference; includeInIndex = 1; lastKnownFileType = text.xcconfig; name = "Pods-IBLocalizableTests.debug.xcconfig"; path = "Pods/Target Support Files/Pods-IBLocalizableTests/Pods-IBLocalizableTests.debug.xcconfig"; sourceTree = "<group>"; };
		837CE4091D4C50B000EC3FDA /* IBLocalizable.framework */ = {isa = PBXFileReference; explicitFileType = wrapper.framework; includeInIndex = 0; path = IBLocalizable.framework; sourceTree = BUILT_PRODUCTS_DIR; };
		837CE40C1D4C50B000EC3FDA /* IBLocalizable.h */ = {isa = PBXFileReference; lastKnownFileType = sourcecode.c.h; path = IBLocalizable.h; sourceTree = "<group>"; };
		837CE40E1D4C50B000EC3FDA /* Info.plist */ = {isa = PBXFileReference; lastKnownFileType = text.plist.xml; path = Info.plist; sourceTree = "<group>"; };
		837CE4131D4C50B000EC3FDA /* IBLocalizableTests.xctest */ = {isa = PBXFileReference; explicitFileType = wrapper.cfbundle; includeInIndex = 0; path = IBLocalizableTests.xctest; sourceTree = BUILT_PRODUCTS_DIR; };
		837CE4181D4C50B000EC3FDA /* IBLocalizableTests.swift */ = {isa = PBXFileReference; lastKnownFileType = sourcecode.swift; path = IBLocalizableTests.swift; sourceTree = "<group>"; };
		837CE41A1D4C50B000EC3FDA /* Info.plist */ = {isa = PBXFileReference; lastKnownFileType = text.plist.xml; path = Info.plist; sourceTree = "<group>"; };
		837CE4231D4C54D400EC3FDA /* Localizable.swift */ = {isa = PBXFileReference; fileEncoding = 4; lastKnownFileType = sourcecode.swift; path = Localizable.swift; sourceTree = "<group>"; };
		837CE42A1D4C59AE00EC3FDA /* LocalizableString.swift */ = {isa = PBXFileReference; fileEncoding = 4; lastKnownFileType = sourcecode.swift; path = LocalizableString.swift; sourceTree = "<group>"; };
		837CE4301D4C5B6900EC3FDA /* IBLocalizableSample.app */ = {isa = PBXFileReference; explicitFileType = wrapper.application; includeInIndex = 0; path = IBLocalizableSample.app; sourceTree = BUILT_PRODUCTS_DIR; };
		837CE4321D4C5B6900EC3FDA /* AppDelegate.swift */ = {isa = PBXFileReference; lastKnownFileType = sourcecode.swift; path = AppDelegate.swift; sourceTree = "<group>"; };
		837CE4341D4C5B6900EC3FDA /* ViewController.swift */ = {isa = PBXFileReference; lastKnownFileType = sourcecode.swift; path = ViewController.swift; sourceTree = "<group>"; };
		837CE4371D4C5B6900EC3FDA /* Base */ = {isa = PBXFileReference; lastKnownFileType = file.storyboard; name = Base; path = Base.lproj/Main.storyboard; sourceTree = "<group>"; };
		837CE4391D4C5B6900EC3FDA /* Assets.xcassets */ = {isa = PBXFileReference; lastKnownFileType = folder.assetcatalog; path = Assets.xcassets; sourceTree = "<group>"; };
		837CE43C1D4C5B6900EC3FDA /* Base */ = {isa = PBXFileReference; lastKnownFileType = file.storyboard; name = Base; path = Base.lproj/LaunchScreen.storyboard; sourceTree = "<group>"; };
		837CE43E1D4C5B6900EC3FDA /* Info.plist */ = {isa = PBXFileReference; lastKnownFileType = text.plist.xml; path = Info.plist; sourceTree = "<group>"; };
		837CE44C1D4C5D3F00EC3FDA /* Base */ = {isa = PBXFileReference; lastKnownFileType = text.plist.strings; name = Base; path = Base.lproj/Localizable.strings; sourceTree = "<group>"; };
		837CE44E1D4C5F0D00EC3FDA /* LocalizableLabel.swift */ = {isa = PBXFileReference; fileEncoding = 4; lastKnownFileType = sourcecode.swift; path = LocalizableLabel.swift; sourceTree = "<group>"; };
		837CE4511D4C684600EC3FDA /* LocalizableButton.swift */ = {isa = PBXFileReference; fileEncoding = 4; lastKnownFileType = sourcecode.swift; path = LocalizableButton.swift; sourceTree = "<group>"; };
		837CE45A1D4C73FA00EC3FDA /* LocalizableTextField.swift */ = {isa = PBXFileReference; fileEncoding = 4; lastKnownFileType = sourcecode.swift; path = LocalizableTextField.swift; sourceTree = "<group>"; };
		837CE45D1D4C74D400EC3FDA /* LocalizableTextView.swift */ = {isa = PBXFileReference; fileEncoding = 4; lastKnownFileType = sourcecode.swift; path = LocalizableTextView.swift; sourceTree = "<group>"; };
		837CE4631D4C768F00EC3FDA /* LocalizableUIBarItem.swift */ = {isa = PBXFileReference; fileEncoding = 4; lastKnownFileType = sourcecode.swift; path = LocalizableUIBarItem.swift; sourceTree = "<group>"; };
		837CE4661D4C78AF00EC3FDA /* LocalizableNavigationItem.swift */ = {isa = PBXFileReference; fileEncoding = 4; lastKnownFileType = sourcecode.swift; path = LocalizableNavigationItem.swift; sourceTree = "<group>"; };
		837CE46A1D4D257900EC3FDA /* LocalizableStringSpecs.swift */ = {isa = PBXFileReference; fileEncoding = 4; lastKnownFileType = sourcecode.swift; path = LocalizableStringSpecs.swift; sourceTree = "<group>"; };
		837CE46C1D4D271200EC3FDA /* Localizable.strings */ = {isa = PBXFileReference; fileEncoding = 4; lastKnownFileType = text.plist.strings; path = Localizable.strings; sourceTree = "<group>"; };
		837CE46E1D4D280700EC3FDA /* BundleUtil.swift */ = {isa = PBXFileReference; fileEncoding = 4; lastKnownFileType = sourcecode.swift; path = BundleUtil.swift; sourceTree = "<group>"; };
		837CE4711D4D2C5D00EC3FDA /* LocalizableViewSpecs.swift */ = {isa = PBXFileReference; fileEncoding = 4; lastKnownFileType = sourcecode.swift; path = LocalizableViewSpecs.swift; sourceTree = "<group>"; };
		837CE4741D4D2DAA00EC3FDA /* LocalizableSpecs.swift */ = {isa = PBXFileReference; fileEncoding = 4; lastKnownFileType = sourcecode.swift; path = LocalizableSpecs.swift; sourceTree = "<group>"; };
		837CE4761D4D33F200EC3FDA /* LocalizableUIBarItemsSpecs.swift */ = {isa = PBXFileReference; fileEncoding = 4; lastKnownFileType = sourcecode.swift; path = LocalizableUIBarItemsSpecs.swift; sourceTree = "<group>"; };
		837CE4BF1D4DA00200EC3FDA /* es */ = {isa = PBXFileReference; lastKnownFileType = text.plist.strings; name = es; path = es.lproj/Localizable.strings; sourceTree = "<group>"; };
		83E6590B1D565DF9002023B7 /* LocalizableUISearchBar.swift */ = {isa = PBXFileReference; fileEncoding = 4; lastKnownFileType = sourcecode.swift; path = LocalizableUISearchBar.swift; sourceTree = "<group>"; };
		8C215A8B463A724380C11C9A /* Pods-IBLocalizableTests.release.xcconfig */ = {isa = PBXFileReference; includeInIndex = 1; lastKnownFileType = text.xcconfig; name = "Pods-IBLocalizableTests.release.xcconfig"; path = "Pods/Target Support Files/Pods-IBLocalizableTests/Pods-IBLocalizableTests.release.xcconfig"; sourceTree = "<group>"; };
		C5F6A12C4F155F4CBCFFC6C6 /* Pods_IBLocalizableTests.framework */ = {isa = PBXFileReference; explicitFileType = wrapper.framework; includeInIndex = 0; path = Pods_IBLocalizableTests.framework; sourceTree = BUILT_PRODUCTS_DIR; };
		CE53E3ED1EE1B06E003BC690 /* en */ = {isa = PBXFileReference; lastKnownFileType = text.plist.strings; name = en; path = en.lproj/Localizable.strings; sourceTree = "<group>"; };
/* End PBXFileReference section */

/* Begin PBXFrameworksBuildPhase section */
		837CE4051D4C50B000EC3FDA /* Frameworks */ = {
			isa = PBXFrameworksBuildPhase;
			buildActionMask = 2147483647;
			files = (
			);
			runOnlyForDeploymentPostprocessing = 0;
		};
		837CE4101D4C50B000EC3FDA /* Frameworks */ = {
			isa = PBXFrameworksBuildPhase;
			buildActionMask = 2147483647;
			files = (
				837CE4141D4C50B000EC3FDA /* IBLocalizable.framework in Frameworks */,
				993D44C6DA625923A1C9BF71 /* Pods_IBLocalizableTests.framework in Frameworks */,
			);
			runOnlyForDeploymentPostprocessing = 0;
		};
		837CE42D1D4C5B6900EC3FDA /* Frameworks */ = {
			isa = PBXFrameworksBuildPhase;
			buildActionMask = 2147483647;
			files = (
			);
			runOnlyForDeploymentPostprocessing = 0;
		};
/* End PBXFrameworksBuildPhase section */

/* Begin PBXGroup section */
		208EE887B1BB56D30B8C25E8 /* Frameworks */ = {
			isa = PBXGroup;
			children = (
				C5F6A12C4F155F4CBCFFC6C6 /* Pods_IBLocalizableTests.framework */,
			);
			name = Frameworks;
			sourceTree = "<group>";
		};
		837CE3FF1D4C50B000EC3FDA = {
			isa = PBXGroup;
			children = (
				837CE40B1D4C50B000EC3FDA /* IBLocalizable */,
				837CE4311D4C5B6900EC3FDA /* IBLocalizableSample */,
				837CE4171D4C50B000EC3FDA /* IBLocalizableTests */,
				837CE40A1D4C50B000EC3FDA /* Products */,
				FCDF031F554B7D37EDEACF0B /* Pods */,
				208EE887B1BB56D30B8C25E8 /* Frameworks */,
			);
			sourceTree = "<group>";
		};
		837CE40A1D4C50B000EC3FDA /* Products */ = {
			isa = PBXGroup;
			children = (
				837CE4091D4C50B000EC3FDA /* IBLocalizable.framework */,
				837CE4131D4C50B000EC3FDA /* IBLocalizableTests.xctest */,
				837CE4301D4C5B6900EC3FDA /* IBLocalizableSample.app */,
			);
			name = Products;
			sourceTree = "<group>";
		};
		837CE40B1D4C50B000EC3FDA /* IBLocalizable */ = {
			isa = PBXGroup;
			children = (
				837CE4251D4C578700EC3FDA /* Protocol */,
				837CE4291D4C590D00EC3FDA /* Utils */,
				837CE4261D4C579500EC3FDA /* Views */,
				837CE40C1D4C50B000EC3FDA /* IBLocalizable.h */,
				837CE40E1D4C50B000EC3FDA /* Info.plist */,
			);
			path = IBLocalizable;
			sourceTree = "<group>";
		};
		837CE4171D4C50B000EC3FDA /* IBLocalizableTests */ = {
			isa = PBXGroup;
			children = (
				837CE4731D4D2D9A00EC3FDA /* Protocol */,
				837CE4691D4D256A00EC3FDA /* Utils */,
				837CE4701D4D28BD00EC3FDA /* Views */,
				837CE4181D4C50B000EC3FDA /* IBLocalizableTests.swift */,
				837CE41A1D4C50B000EC3FDA /* Info.plist */,
				837CE46C1D4D271200EC3FDA /* Localizable.strings */,
			);
			path = IBLocalizableTests;
			sourceTree = "<group>";
		};
		837CE4251D4C578700EC3FDA /* Protocol */ = {
			isa = PBXGroup;
			children = (
				837CE4231D4C54D400EC3FDA /* Localizable.swift */,
			);
			path = Protocol;
			sourceTree = "<group>";
		};
		837CE4261D4C579500EC3FDA /* Views */ = {
			isa = PBXGroup;
			children = (
				837CE4511D4C684600EC3FDA /* LocalizableButton.swift */,
				837CE44E1D4C5F0D00EC3FDA /* LocalizableLabel.swift */,
				837CE4661D4C78AF00EC3FDA /* LocalizableNavigationItem.swift */,
				837CE45A1D4C73FA00EC3FDA /* LocalizableTextField.swift */,
				837CE45D1D4C74D400EC3FDA /* LocalizableTextView.swift */,
				837CE4631D4C768F00EC3FDA /* LocalizableUIBarItem.swift */,
				83E6590B1D565DF9002023B7 /* LocalizableUISearchBar.swift */,
			);
			path = Views;
			sourceTree = "<group>";
		};
		837CE4291D4C590D00EC3FDA /* Utils */ = {
			isa = PBXGroup;
			children = (
				837CE42A1D4C59AE00EC3FDA /* LocalizableString.swift */,
			);
			path = Utils;
			sourceTree = "<group>";
		};
		837CE4311D4C5B6900EC3FDA /* IBLocalizableSample */ = {
			isa = PBXGroup;
			children = (
				837CE4321D4C5B6900EC3FDA /* AppDelegate.swift */,
				837CE4391D4C5B6900EC3FDA /* Assets.xcassets */,
				837CE43E1D4C5B6900EC3FDA /* Info.plist */,
				837CE43B1D4C5B6900EC3FDA /* LaunchScreen.storyboard */,
				837CE44D1D4C5D3F00EC3FDA /* Localizable.strings */,
				837CE4361D4C5B6900EC3FDA /* Main.storyboard */,
				837CE4341D4C5B6900EC3FDA /* ViewController.swift */,
			);
			path = IBLocalizableSample;
			sourceTree = "<group>";
		};
		837CE4691D4D256A00EC3FDA /* Utils */ = {
			isa = PBXGroup;
			children = (
				837CE46E1D4D280700EC3FDA /* BundleUtil.swift */,
				837CE46A1D4D257900EC3FDA /* LocalizableStringSpecs.swift */,
			);
			path = Utils;
			sourceTree = "<group>";
		};
		837CE4701D4D28BD00EC3FDA /* Views */ = {
			isa = PBXGroup;
			children = (
				837CE4761D4D33F200EC3FDA /* LocalizableUIBarItemsSpecs.swift */,
				837CE4711D4D2C5D00EC3FDA /* LocalizableViewSpecs.swift */,
			);
			path = Views;
			sourceTree = "<group>";
		};
		837CE4731D4D2D9A00EC3FDA /* Protocol */ = {
			isa = PBXGroup;
			children = (
				837CE4741D4D2DAA00EC3FDA /* LocalizableSpecs.swift */,
			);
			path = Protocol;
			sourceTree = "<group>";
		};
		FCDF031F554B7D37EDEACF0B /* Pods */ = {
			isa = PBXGroup;
			children = (
				70D0E4460AE6736D8686BB7A /* Pods-IBLocalizableTests.debug.xcconfig */,
				8C215A8B463A724380C11C9A /* Pods-IBLocalizableTests.release.xcconfig */,
			);
			name = Pods;
			sourceTree = "<group>";
		};
/* End PBXGroup section */

/* Begin PBXHeadersBuildPhase section */
		837CE4061D4C50B000EC3FDA /* Headers */ = {
			isa = PBXHeadersBuildPhase;
			buildActionMask = 2147483647;
			files = (
				837CE40D1D4C50B000EC3FDA /* IBLocalizable.h in Headers */,
			);
			runOnlyForDeploymentPostprocessing = 0;
		};
/* End PBXHeadersBuildPhase section */

/* Begin PBXNativeTarget section */
		837CE4081D4C50B000EC3FDA /* IBLocalizable */ = {
			isa = PBXNativeTarget;
			buildConfigurationList = 837CE41D1D4C50B000EC3FDA /* Build configuration list for PBXNativeTarget "IBLocalizable" */;
			buildPhases = (
				837CE4041D4C50B000EC3FDA /* Sources */,
				837CE4051D4C50B000EC3FDA /* Frameworks */,
				837CE4061D4C50B000EC3FDA /* Headers */,
				837CE4071D4C50B000EC3FDA /* Resources */,
			);
			buildRules = (
			);
			dependencies = (
			);
			name = IBLocalizable;
			productName = IBLocalizable;
			productReference = 837CE4091D4C50B000EC3FDA /* IBLocalizable.framework */;
			productType = "com.apple.product-type.framework";
		};
		837CE4121D4C50B000EC3FDA /* IBLocalizableTests */ = {
			isa = PBXNativeTarget;
			buildConfigurationList = 837CE4201D4C50B000EC3FDA /* Build configuration list for PBXNativeTarget "IBLocalizableTests" */;
			buildPhases = (
				A3A85D62817A6878205C1EB3 /* [CP] Check Pods Manifest.lock */,
				837CE40F1D4C50B000EC3FDA /* Sources */,
				837CE4101D4C50B000EC3FDA /* Frameworks */,
				837CE4111D4C50B000EC3FDA /* Resources */,
				81DB5056F426C52DA3106756 /* [CP] Embed Pods Frameworks */,
				2097D5C9294D84C2A3EF82E9 /* [CP] Copy Pods Resources */,
			);
			buildRules = (
			);
			dependencies = (
				837CE4161D4C50B000EC3FDA /* PBXTargetDependency */,
			);
			name = IBLocalizableTests;
			productName = IBLocalizableTests;
			productReference = 837CE4131D4C50B000EC3FDA /* IBLocalizableTests.xctest */;
			productType = "com.apple.product-type.bundle.unit-test";
		};
		837CE42F1D4C5B6900EC3FDA /* IBLocalizableSample */ = {
			isa = PBXNativeTarget;
			buildConfigurationList = 837CE43F1D4C5B6900EC3FDA /* Build configuration list for PBXNativeTarget "IBLocalizableSample" */;
			buildPhases = (
				837CE42C1D4C5B6900EC3FDA /* Sources */,
				837CE42D1D4C5B6900EC3FDA /* Frameworks */,
				837CE42E1D4C5B6900EC3FDA /* Resources */,
			);
			buildRules = (
			);
			dependencies = (
			);
			name = IBLocalizableSample;
			productName = IBLocalizableSample;
			productReference = 837CE4301D4C5B6900EC3FDA /* IBLocalizableSample.app */;
			productType = "com.apple.product-type.application";
		};
/* End PBXNativeTarget section */

/* Begin PBXProject section */
		837CE4001D4C50B000EC3FDA /* Project object */ = {
			isa = PBXProject;
			attributes = {
				LastSwiftUpdateCheck = 0730;
				LastUpgradeCheck = 0800;
				ORGANIZATIONNAME = "Chris Jimenez";
				TargetAttributes = {
					837CE4081D4C50B000EC3FDA = {
						CreatedOnToolsVersion = 7.3.1;
						LastSwiftMigration = 0800;
					};
					837CE4121D4C50B000EC3FDA = {
						CreatedOnToolsVersion = 7.3.1;
						LastSwiftMigration = 0800;
						ProvisioningStyle = Manual;
					};
					837CE42F1D4C5B6900EC3FDA = {
						CreatedOnToolsVersion = 7.3.1;
						LastSwiftMigration = 0800;
					};
				};
			};
			buildConfigurationList = 837CE4031D4C50B000EC3FDA /* Build configuration list for PBXProject "IBLocalizable" */;
			compatibilityVersion = "Xcode 3.2";
			developmentRegion = English;
			hasScannedForEncodings = 0;
			knownRegions = (
				en,
				Base,
				es,
			);
			mainGroup = 837CE3FF1D4C50B000EC3FDA;
			productRefGroup = 837CE40A1D4C50B000EC3FDA /* Products */;
			projectDirPath = "";
			projectRoot = "";
			targets = (
				837CE4081D4C50B000EC3FDA /* IBLocalizable */,
				837CE4121D4C50B000EC3FDA /* IBLocalizableTests */,
				837CE42F1D4C5B6900EC3FDA /* IBLocalizableSample */,
			);
		};
/* End PBXProject section */

/* Begin PBXResourcesBuildPhase section */
		837CE4071D4C50B000EC3FDA /* Resources */ = {
			isa = PBXResourcesBuildPhase;
			buildActionMask = 2147483647;
			files = (
			);
			runOnlyForDeploymentPostprocessing = 0;
		};
		837CE4111D4C50B000EC3FDA /* Resources */ = {
			isa = PBXResourcesBuildPhase;
			buildActionMask = 2147483647;
			files = (
				837CE46D1D4D271200EC3FDA /* Localizable.strings in Resources */,
			);
			runOnlyForDeploymentPostprocessing = 0;
		};
		837CE42E1D4C5B6900EC3FDA /* Resources */ = {
			isa = PBXResourcesBuildPhase;
			buildActionMask = 2147483647;
			files = (
				837CE43D1D4C5B6900EC3FDA /* LaunchScreen.storyboard in Resources */,
				837CE44B1D4C5D3F00EC3FDA /* Localizable.strings in Resources */,
				837CE43A1D4C5B6900EC3FDA /* Assets.xcassets in Resources */,
				837CE4381D4C5B6900EC3FDA /* Main.storyboard in Resources */,
			);
			runOnlyForDeploymentPostprocessing = 0;
		};
/* End PBXResourcesBuildPhase section */

/* Begin PBXShellScriptBuildPhase section */
		2097D5C9294D84C2A3EF82E9 /* [CP] Copy Pods Resources */ = {
			isa = PBXShellScriptBuildPhase;
			buildActionMask = 2147483647;
			files = (
			);
			inputPaths = (
			);
			name = "[CP] Copy Pods Resources";
			outputPaths = (
			);
			runOnlyForDeploymentPostprocessing = 0;
			shellPath = /bin/sh;
			shellScript = "\"${SRCROOT}/Pods/Target Support Files/Pods-IBLocalizableTests/Pods-IBLocalizableTests-resources.sh\"\n";
			showEnvVarsInLog = 0;
		};
		81DB5056F426C52DA3106756 /* [CP] Embed Pods Frameworks */ = {
			isa = PBXShellScriptBuildPhase;
			buildActionMask = 2147483647;
			files = (
			);
			inputPaths = (
			);
			name = "[CP] Embed Pods Frameworks";
			outputPaths = (
			);
			runOnlyForDeploymentPostprocessing = 0;
			shellPath = /bin/sh;
			shellScript = "\"${SRCROOT}/Pods/Target Support Files/Pods-IBLocalizableTests/Pods-IBLocalizableTests-frameworks.sh\"\n";
			showEnvVarsInLog = 0;
		};
		A3A85D62817A6878205C1EB3 /* [CP] Check Pods Manifest.lock */ = {
			isa = PBXShellScriptBuildPhase;
			buildActionMask = 2147483647;
			files = (
			);
			inputPaths = (
			);
			name = "[CP] Check Pods Manifest.lock";
			outputPaths = (
			);
			runOnlyForDeploymentPostprocessing = 0;
			shellPath = /bin/sh;
			shellScript = "diff \"${PODS_PODFILE_DIR_PATH}/Podfile.lock\" \"${PODS_ROOT}/Manifest.lock\" > /dev/null\nif [ $? != 0 ] ; then\n    # print error to STDERR\n    echo \"error: The sandbox is not in sync with the Podfile.lock. Run 'pod install' or update your CocoaPods installation.\" >&2\n    exit 1\nfi\n";
			showEnvVarsInLog = 0;
		};
/* End PBXShellScriptBuildPhase section */

/* Begin PBXSourcesBuildPhase section */
		837CE4041D4C50B000EC3FDA /* Sources */ = {
			isa = PBXSourcesBuildPhase;
			buildActionMask = 2147483647;
			files = (
				837CE4521D4C684600EC3FDA /* LocalizableButton.swift in Sources */,
				837CE44F1D4C5F0D00EC3FDA /* LocalizableLabel.swift in Sources */,
				837CE45B1D4C73FA00EC3FDA /* LocalizableTextField.swift in Sources */,
				837CE42B1D4C59AE00EC3FDA /* LocalizableString.swift in Sources */,
				837CE4241D4C54D400EC3FDA /* Localizable.swift in Sources */,
				837CE4671D4C78AF00EC3FDA /* LocalizableNavigationItem.swift in Sources */,
				83E6590C1D565DF9002023B7 /* LocalizableUISearchBar.swift in Sources */,
				837CE45E1D4C74D400EC3FDA /* LocalizableTextView.swift in Sources */,
				837CE4641D4C768F00EC3FDA /* LocalizableUIBarItem.swift in Sources */,
			);
			runOnlyForDeploymentPostprocessing = 0;
		};
		837CE40F1D4C50B000EC3FDA /* Sources */ = {
			isa = PBXSourcesBuildPhase;
			buildActionMask = 2147483647;
			files = (
				837CE4771D4D33F200EC3FDA /* LocalizableUIBarItemsSpecs.swift in Sources */,
				837CE4721D4D2C5D00EC3FDA /* LocalizableViewSpecs.swift in Sources */,
				837CE46B1D4D257900EC3FDA /* LocalizableStringSpecs.swift in Sources */,
				837CE4751D4D2DAA00EC3FDA /* LocalizableSpecs.swift in Sources */,
				837CE4191D4C50B000EC3FDA /* IBLocalizableTests.swift in Sources */,
				837CE46F1D4D280700EC3FDA /* BundleUtil.swift in Sources */,
			);
			runOnlyForDeploymentPostprocessing = 0;
		};
		837CE42C1D4C5B6900EC3FDA /* Sources */ = {
			isa = PBXSourcesBuildPhase;
			buildActionMask = 2147483647;
			files = (
				837CE45F1D4C74D400EC3FDA /* LocalizableTextView.swift in Sources */,
				837CE4531D4C684600EC3FDA /* LocalizableButton.swift in Sources */,
				837CE4501D4C5F0D00EC3FDA /* LocalizableLabel.swift in Sources */,
				837CE4651D4C768F00EC3FDA /* LocalizableUIBarItem.swift in Sources */,
				837CE4441D4C5BFB00EC3FDA /* Localizable.swift in Sources */,
				837CE4421D4C5BF000EC3FDA /* LocalizableString.swift in Sources */,
				837CE45C1D4C73FA00EC3FDA /* LocalizableTextField.swift in Sources */,
				837CE4351D4C5B6900EC3FDA /* ViewController.swift in Sources */,
				837CE4331D4C5B6900EC3FDA /* AppDelegate.swift in Sources */,
				83E6590D1D565DF9002023B7 /* LocalizableUISearchBar.swift in Sources */,
				837CE4681D4C78AF00EC3FDA /* LocalizableNavigationItem.swift in Sources */,
			);
			runOnlyForDeploymentPostprocessing = 0;
		};
/* End PBXSourcesBuildPhase section */

/* Begin PBXTargetDependency section */
		837CE4161D4C50B000EC3FDA /* PBXTargetDependency */ = {
			isa = PBXTargetDependency;
			target = 837CE4081D4C50B000EC3FDA /* IBLocalizable */;
			targetProxy = 837CE4151D4C50B000EC3FDA /* PBXContainerItemProxy */;
		};
/* End PBXTargetDependency section */

/* Begin PBXVariantGroup section */
		837CE4361D4C5B6900EC3FDA /* Main.storyboard */ = {
			isa = PBXVariantGroup;
			children = (
				837CE4371D4C5B6900EC3FDA /* Base */,
			);
			name = Main.storyboard;
			path = .;
			sourceTree = "<group>";
		};
		837CE43B1D4C5B6900EC3FDA /* LaunchScreen.storyboard */ = {
			isa = PBXVariantGroup;
			children = (
				837CE43C1D4C5B6900EC3FDA /* Base */,
			);
			name = LaunchScreen.storyboard;
			path = .;
			sourceTree = "<group>";
		};
		837CE44D1D4C5D3F00EC3FDA /* Localizable.strings */ = {
			isa = PBXVariantGroup;
			children = (
				837CE44C1D4C5D3F00EC3FDA /* Base */,
				837CE4BF1D4DA00200EC3FDA /* es */,
				CE53E3ED1EE1B06E003BC690 /* en */,
			);
			name = Localizable.strings;
			path = .;
			sourceTree = "<group>";
		};
/* End PBXVariantGroup section */

/* Begin XCBuildConfiguration section */
		837CE41B1D4C50B000EC3FDA /* Debug */ = {
			isa = XCBuildConfiguration;
			buildSettings = {
				ALWAYS_SEARCH_USER_PATHS = NO;
				CLANG_ANALYZER_LOCALIZABILITY_NONLOCALIZED = YES;
				CLANG_ANALYZER_NONNULL = YES;
				CLANG_CXX_LANGUAGE_STANDARD = "gnu++0x";
				CLANG_CXX_LIBRARY = "libc++";
				CLANG_ENABLE_MODULES = YES;
				CLANG_ENABLE_OBJC_ARC = YES;
				CLANG_WARN_BOOL_CONVERSION = YES;
				CLANG_WARN_CONSTANT_CONVERSION = YES;
				CLANG_WARN_DIRECT_OBJC_ISA_USAGE = YES_ERROR;
				CLANG_WARN_EMPTY_BODY = YES;
				CLANG_WARN_ENUM_CONVERSION = YES;
				CLANG_WARN_INFINITE_RECURSION = YES;
				CLANG_WARN_INT_CONVERSION = YES;
				CLANG_WARN_OBJC_ROOT_CLASS = YES_ERROR;
				CLANG_WARN_SUSPICIOUS_MOVE = YES;
				CLANG_WARN_UNREACHABLE_CODE = YES;
				CLANG_WARN__DUPLICATE_METHOD_MATCH = YES;
				"CODE_SIGN_IDENTITY[sdk=iphoneos*]" = "iPhone Developer";
				COPY_PHASE_STRIP = NO;
				CURRENT_PROJECT_VERSION = 1;
				DEBUG_INFORMATION_FORMAT = dwarf;
				ENABLE_STRICT_OBJC_MSGSEND = YES;
				ENABLE_TESTABILITY = YES;
				GCC_C_LANGUAGE_STANDARD = gnu99;
				GCC_DYNAMIC_NO_PIC = NO;
				GCC_NO_COMMON_BLOCKS = YES;
				GCC_OPTIMIZATION_LEVEL = 0;
				GCC_PREPROCESSOR_DEFINITIONS = (
					"DEBUG=1",
					"$(inherited)",
				);
				GCC_WARN_64_TO_32_BIT_CONVERSION = YES;
				GCC_WARN_ABOUT_RETURN_TYPE = YES_ERROR;
				GCC_WARN_UNDECLARED_SELECTOR = YES;
				GCC_WARN_UNINITIALIZED_AUTOS = YES_AGGRESSIVE;
				GCC_WARN_UNUSED_FUNCTION = YES;
				GCC_WARN_UNUSED_VARIABLE = YES;
				IPHONEOS_DEPLOYMENT_TARGET = 9.3;
				MTL_ENABLE_DEBUG_INFO = YES;
				ONLY_ACTIVE_ARCH = YES;
				SDKROOT = iphoneos;
				SWIFT_OPTIMIZATION_LEVEL = "-Onone";
				SWIFT_VERSION = 4.0;
				TARGETED_DEVICE_FAMILY = "1,2";
				VERSIONING_SYSTEM = "apple-generic";
				VERSION_INFO_PREFIX = "";
			};
			name = Debug;
		};
		837CE41C1D4C50B000EC3FDA /* Release */ = {
			isa = XCBuildConfiguration;
			buildSettings = {
				ALWAYS_SEARCH_USER_PATHS = NO;
				CLANG_ANALYZER_LOCALIZABILITY_NONLOCALIZED = YES;
				CLANG_ANALYZER_NONNULL = YES;
				CLANG_CXX_LANGUAGE_STANDARD = "gnu++0x";
				CLANG_CXX_LIBRARY = "libc++";
				CLANG_ENABLE_MODULES = YES;
				CLANG_ENABLE_OBJC_ARC = YES;
				CLANG_WARN_BOOL_CONVERSION = YES;
				CLANG_WARN_CONSTANT_CONVERSION = YES;
				CLANG_WARN_DIRECT_OBJC_ISA_USAGE = YES_ERROR;
				CLANG_WARN_EMPTY_BODY = YES;
				CLANG_WARN_ENUM_CONVERSION = YES;
				CLANG_WARN_INFINITE_RECURSION = YES;
				CLANG_WARN_INT_CONVERSION = YES;
				CLANG_WARN_OBJC_ROOT_CLASS = YES_ERROR;
				CLANG_WARN_SUSPICIOUS_MOVE = YES;
				CLANG_WARN_UNREACHABLE_CODE = YES;
				CLANG_WARN__DUPLICATE_METHOD_MATCH = YES;
				"CODE_SIGN_IDENTITY[sdk=iphoneos*]" = "iPhone Developer";
				COPY_PHASE_STRIP = NO;
				CURRENT_PROJECT_VERSION = 1;
				DEBUG_INFORMATION_FORMAT = "dwarf-with-dsym";
				ENABLE_NS_ASSERTIONS = NO;
				ENABLE_STRICT_OBJC_MSGSEND = YES;
				GCC_C_LANGUAGE_STANDARD = gnu99;
				GCC_NO_COMMON_BLOCKS = YES;
				GCC_WARN_64_TO_32_BIT_CONVERSION = YES;
				GCC_WARN_ABOUT_RETURN_TYPE = YES_ERROR;
				GCC_WARN_UNDECLARED_SELECTOR = YES;
				GCC_WARN_UNINITIALIZED_AUTOS = YES_AGGRESSIVE;
				GCC_WARN_UNUSED_FUNCTION = YES;
				GCC_WARN_UNUSED_VARIABLE = YES;
				IPHONEOS_DEPLOYMENT_TARGET = 9.3;
				MTL_ENABLE_DEBUG_INFO = NO;
				SDKROOT = iphoneos;
				SWIFT_OPTIMIZATION_LEVEL = "-Owholemodule";
				SWIFT_VERSION = 4.0;
				TARGETED_DEVICE_FAMILY = "1,2";
				VALIDATE_PRODUCT = YES;
				VERSIONING_SYSTEM = "apple-generic";
				VERSION_INFO_PREFIX = "";
			};
			name = Release;
		};
		837CE41E1D4C50B000EC3FDA /* Debug */ = {
			isa = XCBuildConfiguration;
			buildSettings = {
				CLANG_ENABLE_MODULES = YES;
				"CODE_SIGN_IDENTITY[sdk=iphoneos*]" = "";
				DEFINES_MODULE = YES;
				DYLIB_COMPATIBILITY_VERSION = 1;
				DYLIB_CURRENT_VERSION = 1;
				DYLIB_INSTALL_NAME_BASE = "@rpath";
				INFOPLIST_FILE = IBLocalizable/Info.plist;
				INSTALL_PATH = "$(LOCAL_LIBRARY_DIR)/Frameworks";
				LD_RUNPATH_SEARCH_PATHS = "$(inherited) @executable_path/Frameworks @loader_path/Frameworks";
				PRODUCT_BUNDLE_IDENTIFIER = com.greenpixels.IBLocalizable;
				PRODUCT_NAME = "$(TARGET_NAME)";
				SKIP_INSTALL = YES;
				SWIFT_OPTIMIZATION_LEVEL = "-Onone";
				SWIFT_VERSION = 4.0;
			};
			name = Debug;
		};
		837CE41F1D4C50B000EC3FDA /* Release */ = {
			isa = XCBuildConfiguration;
			buildSettings = {
				CLANG_ENABLE_MODULES = YES;
				"CODE_SIGN_IDENTITY[sdk=iphoneos*]" = "";
				DEFINES_MODULE = YES;
				DYLIB_COMPATIBILITY_VERSION = 1;
				DYLIB_CURRENT_VERSION = 1;
				DYLIB_INSTALL_NAME_BASE = "@rpath";
				INFOPLIST_FILE = IBLocalizable/Info.plist;
				INSTALL_PATH = "$(LOCAL_LIBRARY_DIR)/Frameworks";
				LD_RUNPATH_SEARCH_PATHS = "$(inherited) @executable_path/Frameworks @loader_path/Frameworks";
				PRODUCT_BUNDLE_IDENTIFIER = com.greenpixels.IBLocalizable;
				PRODUCT_NAME = "$(TARGET_NAME)";
				SKIP_INSTALL = YES;
				SWIFT_VERSION = 4.0;
			};
			name = Release;
		};
		837CE4211D4C50B000EC3FDA /* Debug */ = {
			isa = XCBuildConfiguration;
			baseConfigurationReference = 70D0E4460AE6736D8686BB7A /* Pods-IBLocalizableTests.debug.xcconfig */;
			buildSettings = {
				ALWAYS_EMBED_SWIFT_STANDARD_LIBRARIES = YES;
				DEVELOPMENT_TEAM = "";
				INFOPLIST_FILE = IBLocalizableTests/Info.plist;
				LD_RUNPATH_SEARCH_PATHS = "$(inherited) @executable_path/Frameworks @loader_path/Frameworks";
				PRODUCT_BUNDLE_IDENTIFIER = com.greenpixels.IBLocalizableTests;
				PRODUCT_NAME = "$(TARGET_NAME)";
				SWIFT_VERSION = 3.0;
			};
			name = Debug;
		};
		837CE4221D4C50B000EC3FDA /* Release */ = {
			isa = XCBuildConfiguration;
			baseConfigurationReference = 8C215A8B463A724380C11C9A /* Pods-IBLocalizableTests.release.xcconfig */;
			buildSettings = {
				ALWAYS_EMBED_SWIFT_STANDARD_LIBRARIES = YES;
				DEVELOPMENT_TEAM = "";
				INFOPLIST_FILE = IBLocalizableTests/Info.plist;
				LD_RUNPATH_SEARCH_PATHS = "$(inherited) @executable_path/Frameworks @loader_path/Frameworks";
				PRODUCT_BUNDLE_IDENTIFIER = com.greenpixels.IBLocalizableTests;
				PRODUCT_NAME = "$(TARGET_NAME)";
				SWIFT_VERSION = 3.0;
			};
			name = Release;
		};
		837CE4401D4C5B6900EC3FDA /* Debug */ = {
			isa = XCBuildConfiguration;
			buildSettings = {
				ASSETCATALOG_COMPILER_APPICON_NAME = AppIcon;
				INFOPLIST_FILE = IBLocalizableSample/Info.plist;
				LD_RUNPATH_SEARCH_PATHS = "$(inherited) @executable_path/Frameworks";
				PRODUCT_BUNDLE_IDENTIFIER = com.greenpixels.IBLocalizableSample;
				PRODUCT_NAME = "$(TARGET_NAME)";
				SWIFT_VERSION = 4.0;
			};
			name = Debug;
		};
		837CE4411D4C5B6900EC3FDA /* Release */ = {
			isa = XCBuildConfiguration;
			buildSettings = {
				ASSETCATALOG_COMPILER_APPICON_NAME = AppIcon;
				INFOPLIST_FILE = IBLocalizableSample/Info.plist;
				LD_RUNPATH_SEARCH_PATHS = "$(inherited) @executable_path/Frameworks";
				PRODUCT_BUNDLE_IDENTIFIER = com.greenpixels.IBLocalizableSample;
				PRODUCT_NAME = "$(TARGET_NAME)";
				SWIFT_VERSION = 4.0;
			};
			name = Release;
		};
/* End XCBuildConfiguration section */

/* Begin XCConfigurationList section */
		837CE4031D4C50B000EC3FDA /* Build configuration list for PBXProject "IBLocalizable" */ = {
			isa = XCConfigurationList;
			buildConfigurations = (
				837CE41B1D4C50B000EC3FDA /* Debug */,
				837CE41C1D4C50B000EC3FDA /* Release */,
			);
			defaultConfigurationIsVisible = 0;
			defaultConfigurationName = Release;
		};
		837CE41D1D4C50B000EC3FDA /* Build configuration list for PBXNativeTarget "IBLocalizable" */ = {
			isa = XCConfigurationList;
			buildConfigurations = (
				837CE41E1D4C50B000EC3FDA /* Debug */,
				837CE41F1D4C50B000EC3FDA /* Release */,
			);
			defaultConfigurationIsVisible = 0;
			defaultConfigurationName = Release;
		};
		837CE4201D4C50B000EC3FDA /* Build configuration list for PBXNativeTarget "IBLocalizableTests" */ = {
			isa = XCConfigurationList;
			buildConfigurations = (
				837CE4211D4C50B000EC3FDA /* Debug */,
				837CE4221D4C50B000EC3FDA /* Release */,
			);
			defaultConfigurationIsVisible = 0;
			defaultConfigurationName = Release;
		};
		837CE43F1D4C5B6900EC3FDA /* Build configuration list for PBXNativeTarget "IBLocalizableSample" */ = {
			isa = XCConfigurationList;
			buildConfigurations = (
				837CE4401D4C5B6900EC3FDA /* Debug */,
				837CE4411D4C5B6900EC3FDA /* Release */,
			);
			defaultConfigurationIsVisible = 0;
			defaultConfigurationName = Release;
		};
/* End XCConfigurationList section */
	};
	rootObject = 837CE4001D4C50B000EC3FDA /* Project object */;
}
