// !$*UTF8*$!
{
	archiveVersion = 1;
	classes = {
	};
	objectVersion = 46;
	objects = {

/* Begin PBXBuildFile section */
		07FF07F1B4B4314DBD409B45 /* Pods_IBLocalizableTests.framework in Frameworks */ = {isa = PBXBuildFile; fileRef = 93DABE2F0B620C734942B5DC /* Pods_IBLocalizableTests.framework */; };
		19EE8C74616DD139106E6FDA /* Pods_IBLocalizable.framework in Frameworks */ = {isa = PBXBuildFile; fileRef = 6DFB8540D86C267E30CDDD8A /* Pods_IBLocalizable.framework */; };
		837CE40D1D4C50B000EC3FDA /* IBLocalizable.h in Headers */ = {isa = PBXBuildFile; fileRef = 837CE40C1D4C50B000EC3FDA /* IBLocalizable.h */; settings = {ATTRIBUTES = (Public, ); }; };
		837CE4141D4C50B000EC3FDA /* IBLocalizable.framework in Frameworks */ = {isa = PBXBuildFile; fileRef = 837CE4091D4C50B000EC3FDA /* IBLocalizable.framework */; };
		837CE4191D4C50B000EC3FDA /* IBLocalizableTests.swift in Sources */ = {isa = PBXBuildFile; fileRef = 837CE4181D4C50B000EC3FDA /* IBLocalizableTests.swift */; };
		837CE4241D4C54D400EC3FDA /* Localizable.swift in Sources */ = {isa = PBXBuildFile; fileRef = 837CE4231D4C54D400EC3FDA /* Localizable.swift */; };
		837CE42B1D4C59AE00EC3FDA /* LocalizableString.swift in Sources */ = {isa = PBXBuildFile; fileRef = 837CE42A1D4C59AE00EC3FDA /* LocalizableString.swift */; };
		837CE4331D4C5B6900EC3FDA /* AppDelegate.swift in Sources */ = {isa = PBXBuildFile; fileRef = 837CE4321D4C5B6900EC3FDA /* AppDelegate.swift */; };
		837CE4351D4C5B6900EC3FDA /* ViewController.swift in Sources */ = {isa = PBXBuildFile; fileRef = 837CE4341D4C5B6900EC3FDA /* ViewController.swift */; };
		837CE4381D4C5B6900EC3FDA /* Main.storyboard in Resources */ = {isa = PBXBuildFile; fileRef = 837CE4361D4C5B6900EC3FDA /* Main.storyboard */; };
		837CE43A1D4C5B6900EC3FDA /* Assets.xcassets in Resources */ = {isa = PBXBuildFile; fileRef = 837CE4391D4C5B6900EC3FDA /* Assets.xcassets */; };
		837CE43D1D4C5B6900EC3FDA /* LaunchScreen.storyboard in Resources */ = {isa = PBXBuildFile; fileRef = 837CE43B1D4C5B6900EC3FDA /* LaunchScreen.storyboard */; };
		837CE4421D4C5BF000EC3FDA /* LocalizableString.swift in Sources */ = {isa = PBXBuildFile; fileRef = 837CE42A1D4C59AE00EC3FDA /* LocalizableString.swift */; };
		837CE4441D4C5BFB00EC3FDA /* Localizable.swift in Sources */ = {isa = PBXBuildFile; fileRef = 837CE4231D4C54D400EC3FDA /* Localizable.swift */; };
		837CE44B1D4C5D3F00EC3FDA /* Localizable.strings in Resources */ = {isa = PBXBuildFile; fileRef = 837CE44D1D4C5D3F00EC3FDA /* Localizable.strings */; };
		837CE44F1D4C5F0D00EC3FDA /* LocalizableLabel.swift in Sources */ = {isa = PBXBuildFile; fileRef = 837CE44E1D4C5F0D00EC3FDA /* LocalizableLabel.swift */; };
		837CE4501D4C5F0D00EC3FDA /* LocalizableLabel.swift in Sources */ = {isa = PBXBuildFile; fileRef = 837CE44E1D4C5F0D00EC3FDA /* LocalizableLabel.swift */; };
		837CE4521D4C684600EC3FDA /* LocalizableButton.swift in Sources */ = {isa = PBXBuildFile; fileRef = 837CE4511D4C684600EC3FDA /* LocalizableButton.swift */; };
		837CE4531D4C684600EC3FDA /* LocalizableButton.swift in Sources */ = {isa = PBXBuildFile; fileRef = 837CE4511D4C684600EC3FDA /* LocalizableButton.swift */; };
		837CE4581D4C6C7600EC3FDA /* LocalizableView.swift in Sources */ = {isa = PBXBuildFile; fileRef = 837CE4571D4C6C7600EC3FDA /* LocalizableView.swift */; };
		837CE4591D4C6C7600EC3FDA /* LocalizableView.swift in Sources */ = {isa = PBXBuildFile; fileRef = 837CE4571D4C6C7600EC3FDA /* LocalizableView.swift */; };
		837CE45B1D4C73FA00EC3FDA /* LocalizableTextField.swift in Sources */ = {isa = PBXBuildFile; fileRef = 837CE45A1D4C73FA00EC3FDA /* LocalizableTextField.swift */; };
		837CE45C1D4C73FA00EC3FDA /* LocalizableTextField.swift in Sources */ = {isa = PBXBuildFile; fileRef = 837CE45A1D4C73FA00EC3FDA /* LocalizableTextField.swift */; };
		837CE45E1D4C74D400EC3FDA /* LocalizableTextView.swift in Sources */ = {isa = PBXBuildFile; fileRef = 837CE45D1D4C74D400EC3FDA /* LocalizableTextView.swift */; };
		837CE45F1D4C74D400EC3FDA /* LocalizableTextView.swift in Sources */ = {isa = PBXBuildFile; fileRef = 837CE45D1D4C74D400EC3FDA /* LocalizableTextView.swift */; };
		837CE4641D4C768F00EC3FDA /* LocalizableUIBarItem.swift in Sources */ = {isa = PBXBuildFile; fileRef = 837CE4631D4C768F00EC3FDA /* LocalizableUIBarItem.swift */; };
		837CE4651D4C768F00EC3FDA /* LocalizableUIBarItem.swift in Sources */ = {isa = PBXBuildFile; fileRef = 837CE4631D4C768F00EC3FDA /* LocalizableUIBarItem.swift */; };
		837CE4671D4C78AF00EC3FDA /* LocalizableNavigationItem.swift in Sources */ = {isa = PBXBuildFile; fileRef = 837CE4661D4C78AF00EC3FDA /* LocalizableNavigationItem.swift */; };
		837CE4681D4C78AF00EC3FDA /* LocalizableNavigationItem.swift in Sources */ = {isa = PBXBuildFile; fileRef = 837CE4661D4C78AF00EC3FDA /* LocalizableNavigationItem.swift */; };
/* End PBXBuildFile section */

/* Begin PBXContainerItemProxy section */
		837CE4151D4C50B000EC3FDA /* PBXContainerItemProxy */ = {
			isa = PBXContainerItemProxy;
			containerPortal = 837CE4001D4C50B000EC3FDA /* Project object */;
			proxyType = 1;
			remoteGlobalIDString = 837CE4081D4C50B000EC3FDA;
			remoteInfo = IBLocalizable;
		};
/* End PBXContainerItemProxy section */

/* Begin PBXFileReference section */
		40A20B272AC4DC65C69EDBEE /* Pods-IBLocalizable.release.xcconfig */ = {isa = PBXFileReference; includeInIndex = 1; lastKnownFileType = text.xcconfig; name = "Pods-IBLocalizable.release.xcconfig"; path = "Pods/Target Support Files/Pods-IBLocalizable/Pods-IBLocalizable.release.xcconfig"; sourceTree = "<group>"; };
		5C7A5E9C736037A905BDAE9A /* Pods-IBLocalizableTests.release.xcconfig */ = {isa = PBXFileReference; includeInIndex = 1; lastKnownFileType = text.xcconfig; name = "Pods-IBLocalizableTests.release.xcconfig"; path = "Pods/Target Support Files/Pods-IBLocalizableTests/Pods-IBLocalizableTests.release.xcconfig"; sourceTree = "<group>"; };
		6DFB8540D86C267E30CDDD8A /* Pods_IBLocalizable.framework */ = {isa = PBXFileReference; explicitFileType = wrapper.framework; includeInIndex = 0; path = Pods_IBLocalizable.framework; sourceTree = BUILT_PRODUCTS_DIR; };
		837CE4091D4C50B000EC3FDA /* IBLocalizable.framework */ = {isa = PBXFileReference; explicitFileType = wrapper.framework; includeInIndex = 0; path = IBLocalizable.framework; sourceTree = BUILT_PRODUCTS_DIR; };
		837CE40C1D4C50B000EC3FDA /* IBLocalizable.h */ = {isa = PBXFileReference; lastKnownFileType = sourcecode.c.h; path = IBLocalizable.h; sourceTree = "<group>"; };
		837CE40E1D4C50B000EC3FDA /* Info.plist */ = {isa = PBXFileReference; lastKnownFileType = text.plist.xml; path = Info.plist; sourceTree = "<group>"; };
		837CE4131D4C50B000EC3FDA /* IBLocalizableTests.xctest */ = {isa = PBXFileReference; explicitFileType = wrapper.cfbundle; includeInIndex = 0; path = IBLocalizableTests.xctest; sourceTree = BUILT_PRODUCTS_DIR; };
		837CE4181D4C50B000EC3FDA /* IBLocalizableTests.swift */ = {isa = PBXFileReference; lastKnownFileType = sourcecode.swift; path = IBLocalizableTests.swift; sourceTree = "<group>"; };
		837CE41A1D4C50B000EC3FDA /* Info.plist */ = {isa = PBXFileReference; lastKnownFileType = text.plist.xml; path = Info.plist; sourceTree = "<group>"; };
		837CE4231D4C54D400EC3FDA /* Localizable.swift */ = {isa = PBXFileReference; fileEncoding = 4; lastKnownFileType = sourcecode.swift; path = Localizable.swift; sourceTree = "<group>"; };
		837CE42A1D4C59AE00EC3FDA /* LocalizableString.swift */ = {isa = PBXFileReference; fileEncoding = 4; lastKnownFileType = sourcecode.swift; path = LocalizableString.swift; sourceTree = "<group>"; };
		837CE4301D4C5B6900EC3FDA /* IBLocalizableSample.app */ = {isa = PBXFileReference; explicitFileType = wrapper.application; includeInIndex = 0; path = IBLocalizableSample.app; sourceTree = BUILT_PRODUCTS_DIR; };
		837CE4321D4C5B6900EC3FDA /* AppDelegate.swift */ = {isa = PBXFileReference; lastKnownFileType = sourcecode.swift; path = AppDelegate.swift; sourceTree = "<group>"; };
		837CE4341D4C5B6900EC3FDA /* ViewController.swift */ = {isa = PBXFileReference; lastKnownFileType = sourcecode.swift; path = ViewController.swift; sourceTree = "<group>"; };
		837CE4371D4C5B6900EC3FDA /* Base */ = {isa = PBXFileReference; lastKnownFileType = file.storyboard; name = Base; path = Base.lproj/Main.storyboard; sourceTree = "<group>"; };
		837CE4391D4C5B6900EC3FDA /* Assets.xcassets */ = {isa = PBXFileReference; lastKnownFileType = folder.assetcatalog; path = Assets.xcassets; sourceTree = "<group>"; };
		837CE43C1D4C5B6900EC3FDA /* Base */ = {isa = PBXFileReference; lastKnownFileType = file.storyboard; name = Base; path = Base.lproj/LaunchScreen.storyboard; sourceTree = "<group>"; };
		837CE43E1D4C5B6900EC3FDA /* Info.plist */ = {isa = PBXFileReference; lastKnownFileType = text.plist.xml; path = Info.plist; sourceTree = "<group>"; };
		837CE44C1D4C5D3F00EC3FDA /* Base */ = {isa = PBXFileReference; lastKnownFileType = text.plist.strings; name = Base; path = Base.lproj/Localizable.strings; sourceTree = "<group>"; };
		837CE44E1D4C5F0D00EC3FDA /* LocalizableLabel.swift */ = {isa = PBXFileReference; fileEncoding = 4; lastKnownFileType = sourcecode.swift; path = LocalizableLabel.swift; sourceTree = "<group>"; };
		837CE4511D4C684600EC3FDA /* LocalizableButton.swift */ = {isa = PBXFileReference; fileEncoding = 4; lastKnownFileType = sourcecode.swift; path = LocalizableButton.swift; sourceTree = "<group>"; };
		837CE4571D4C6C7600EC3FDA /* LocalizableView.swift */ = {isa = PBXFileReference; fileEncoding = 4; lastKnownFileType = sourcecode.swift; path = LocalizableView.swift; sourceTree = "<group>"; };
		837CE45A1D4C73FA00EC3FDA /* LocalizableTextField.swift */ = {isa = PBXFileReference; fileEncoding = 4; lastKnownFileType = sourcecode.swift; path = LocalizableTextField.swift; sourceTree = "<group>"; };
		837CE45D1D4C74D400EC3FDA /* LocalizableTextView.swift */ = {isa = PBXFileReference; fileEncoding = 4; lastKnownFileType = sourcecode.swift; path = LocalizableTextView.swift; sourceTree = "<group>"; };
		837CE4631D4C768F00EC3FDA /* LocalizableUIBarItem.swift */ = {isa = PBXFileReference; fileEncoding = 4; lastKnownFileType = sourcecode.swift; path = LocalizableUIBarItem.swift; sourceTree = "<group>"; };
		837CE4661D4C78AF00EC3FDA /* LocalizableNavigationItem.swift */ = {isa = PBXFileReference; fileEncoding = 4; lastKnownFileType = sourcecode.swift; path = LocalizableNavigationItem.swift; sourceTree = "<group>"; };
		93DABE2F0B620C734942B5DC /* Pods_IBLocalizableTests.framework */ = {isa = PBXFileReference; explicitFileType = wrapper.framework; includeInIndex = 0; path = Pods_IBLocalizableTests.framework; sourceTree = BUILT_PRODUCTS_DIR; };
		BAC76A85E9EDC9C8090DEAF5 /* Pods-IBLocalizable.debug.xcconfig */ = {isa = PBXFileReference; includeInIndex = 1; lastKnownFileType = text.xcconfig; name = "Pods-IBLocalizable.debug.xcconfig"; path = "Pods/Target Support Files/Pods-IBLocalizable/Pods-IBLocalizable.debug.xcconfig"; sourceTree = "<group>"; };
		C1DEC4FD786CBE2B9BFF0A5F /* Pods-IBLocalizableTests.debug.xcconfig */ = {isa = PBXFileReference; includeInIndex = 1; lastKnownFileType = text.xcconfig; name = "Pods-IBLocalizableTests.debug.xcconfig"; path = "Pods/Target Support Files/Pods-IBLocalizableTests/Pods-IBLocalizableTests.debug.xcconfig"; sourceTree = "<group>"; };
/* End PBXFileReference section */

/* Begin PBXFrameworksBuildPhase section */
		837CE4051D4C50B000EC3FDA /* Frameworks */ = {
			isa = PBXFrameworksBuildPhase;
			buildActionMask = 2147483647;
			files = (
				19EE8C74616DD139106E6FDA /* Pods_IBLocalizable.framework in Frameworks */,
			);
			runOnlyForDeploymentPostprocessing = 0;
		};
		837CE4101D4C50B000EC3FDA /* Frameworks */ = {
			isa = PBXFrameworksBuildPhase;
			buildActionMask = 2147483647;
			files = (
				837CE4141D4C50B000EC3FDA /* IBLocalizable.framework in Frameworks */,
				07FF07F1B4B4314DBD409B45 /* Pods_IBLocalizableTests.framework in Frameworks */,
			);
			runOnlyForDeploymentPostprocessing = 0;
		};
		837CE42D1D4C5B6900EC3FDA /* Frameworks */ = {
			isa = PBXFrameworksBuildPhase;
			buildActionMask = 2147483647;
			files = (
			);
			runOnlyForDeploymentPostprocessing = 0;
		};
/* End PBXFrameworksBuildPhase section */

/* Begin PBXGroup section */
		1EBC4FED80B7499A008D18F9 /* Frameworks */ = {
			isa = PBXGroup;
			children = (
				6DFB8540D86C267E30CDDD8A /* Pods_IBLocalizable.framework */,
				93DABE2F0B620C734942B5DC /* Pods_IBLocalizableTests.framework */,
			);
			name = Frameworks;
			sourceTree = "<group>";
		};
		837CE3FF1D4C50B000EC3FDA = {
			isa = PBXGroup;
			children = (
				837CE40B1D4C50B000EC3FDA /* IBLocalizable */,
				837CE4171D4C50B000EC3FDA /* IBLocalizableTests */,
				837CE4311D4C5B6900EC3FDA /* IBLocalizableSample */,
				837CE40A1D4C50B000EC3FDA /* Products */,
				D9B63D86D6FCE9EAE756C87A /* Pods */,
				1EBC4FED80B7499A008D18F9 /* Frameworks */,
			);
			sourceTree = "<group>";
		};
		837CE40A1D4C50B000EC3FDA /* Products */ = {
			isa = PBXGroup;
			children = (
				837CE4091D4C50B000EC3FDA /* IBLocalizable.framework */,
				837CE4131D4C50B000EC3FDA /* IBLocalizableTests.xctest */,
				837CE4301D4C5B6900EC3FDA /* IBLocalizableSample.app */,
			);
			name = Products;
			sourceTree = "<group>";
		};
		837CE40B1D4C50B000EC3FDA /* IBLocalizable */ = {
			isa = PBXGroup;
			children = (
				837CE4291D4C590D00EC3FDA /* Utils */,
				837CE4261D4C579500EC3FDA /* Views */,
				837CE4251D4C578700EC3FDA /* Protocol */,
				837CE40C1D4C50B000EC3FDA /* IBLocalizable.h */,
				837CE40E1D4C50B000EC3FDA /* Info.plist */,
			);
			path = IBLocalizable;
			sourceTree = "<group>";
		};
		837CE4171D4C50B000EC3FDA /* IBLocalizableTests */ = {
			isa = PBXGroup;
			children = (
				837CE4181D4C50B000EC3FDA /* IBLocalizableTests.swift */,
				837CE41A1D4C50B000EC3FDA /* Info.plist */,
			);
			path = IBLocalizableTests;
			sourceTree = "<group>";
		};
		837CE4251D4C578700EC3FDA /* Protocol */ = {
			isa = PBXGroup;
			children = (
				837CE4231D4C54D400EC3FDA /* Localizable.swift */,
			);
			name = Protocol;
			sourceTree = "<group>";
		};
		837CE4261D4C579500EC3FDA /* Views */ = {
			isa = PBXGroup;
			children = (
				837CE44E1D4C5F0D00EC3FDA /* LocalizableLabel.swift */,
				837CE4511D4C684600EC3FDA /* LocalizableButton.swift */,
				837CE4571D4C6C7600EC3FDA /* LocalizableView.swift */,
				837CE45A1D4C73FA00EC3FDA /* LocalizableTextField.swift */,
				837CE45D1D4C74D400EC3FDA /* LocalizableTextView.swift */,
				837CE4631D4C768F00EC3FDA /* LocalizableUIBarItem.swift */,
				837CE4661D4C78AF00EC3FDA /* LocalizableNavigationItem.swift */,
			);
			name = Views;
			sourceTree = "<group>";
		};
		837CE4291D4C590D00EC3FDA /* Utils */ = {
			isa = PBXGroup;
			children = (
				837CE42A1D4C59AE00EC3FDA /* LocalizableString.swift */,
			);
			name = Utils;
			sourceTree = "<group>";
		};
		837CE4311D4C5B6900EC3FDA /* IBLocalizableSample */ = {
			isa = PBXGroup;
			children = (
				837CE4321D4C5B6900EC3FDA /* AppDelegate.swift */,
				837CE4341D4C5B6900EC3FDA /* ViewController.swift */,
				837CE4361D4C5B6900EC3FDA /* Main.storyboard */,
				837CE4391D4C5B6900EC3FDA /* Assets.xcassets */,
				837CE43B1D4C5B6900EC3FDA /* LaunchScreen.storyboard */,
				837CE43E1D4C5B6900EC3FDA /* Info.plist */,
				837CE44D1D4C5D3F00EC3FDA /* Localizable.strings */,
			);
			path = IBLocalizableSample;
			sourceTree = "<group>";
		};
		D9B63D86D6FCE9EAE756C87A /* Pods */ = {
			isa = PBXGroup;
			children = (
				BAC76A85E9EDC9C8090DEAF5 /* Pods-IBLocalizable.debug.xcconfig */,
				40A20B272AC4DC65C69EDBEE /* Pods-IBLocalizable.release.xcconfig */,
				C1DEC4FD786CBE2B9BFF0A5F /* Pods-IBLocalizableTests.debug.xcconfig */,
				5C7A5E9C736037A905BDAE9A /* Pods-IBLocalizableTests.release.xcconfig */,
			);
			name = Pods;
			sourceTree = "<group>";
		};
/* End PBXGroup section */

/* Begin PBXHeadersBuildPhase section */
		837CE4061D4C50B000EC3FDA /* Headers */ = {
			isa = PBXHeadersBuildPhase;
			buildActionMask = 2147483647;
			files = (
				837CE40D1D4C50B000EC3FDA /* IBLocalizable.h in Headers */,
			);
			runOnlyForDeploymentPostprocessing = 0;
		};
/* End PBXHeadersBuildPhase section */

/* Begin PBXNativeTarget section */
		837CE4081D4C50B000EC3FDA /* IBLocalizable */ = {
			isa = PBXNativeTarget;
			buildConfigurationList = 837CE41D1D4C50B000EC3FDA /* Build configuration list for PBXNativeTarget "IBLocalizable" */;
			buildPhases = (
				1189DD71CB36FC0E0D9C1A2A /* [CP] Check Pods Manifest.lock */,
				837CE4041D4C50B000EC3FDA /* Sources */,
				837CE4051D4C50B000EC3FDA /* Frameworks */,
				837CE4061D4C50B000EC3FDA /* Headers */,
				837CE4071D4C50B000EC3FDA /* Resources */,
				10C779E6A8297F2A6118AADA /* [CP] Copy Pods Resources */,
			);
			buildRules = (
			);
			dependencies = (
			);
			name = IBLocalizable;
			productName = IBLocalizable;
			productReference = 837CE4091D4C50B000EC3FDA /* IBLocalizable.framework */;
			productType = "com.apple.product-type.framework";
		};
		837CE4121D4C50B000EC3FDA /* IBLocalizableTests */ = {
			isa = PBXNativeTarget;
			buildConfigurationList = 837CE4201D4C50B000EC3FDA /* Build configuration list for PBXNativeTarget "IBLocalizableTests" */;
			buildPhases = (
				CCFD1945148EF39E72A1EFDB /* [CP] Check Pods Manifest.lock */,
				837CE40F1D4C50B000EC3FDA /* Sources */,
				837CE4101D4C50B000EC3FDA /* Frameworks */,
				837CE4111D4C50B000EC3FDA /* Resources */,
				C70FB614EAC61E033BFF105B /* [CP] Embed Pods Frameworks */,
				9753B7E90B56AE10A2A6AD96 /* [CP] Copy Pods Resources */,
			);
			buildRules = (
			);
			dependencies = (
				837CE4161D4C50B000EC3FDA /* PBXTargetDependency */,
			);
			name = IBLocalizableTests;
			productName = IBLocalizableTests;
			productReference = 837CE4131D4C50B000EC3FDA /* IBLocalizableTests.xctest */;
			productType = "com.apple.product-type.bundle.unit-test";
		};
		837CE42F1D4C5B6900EC3FDA /* IBLocalizableSample */ = {
			isa = PBXNativeTarget;
			buildConfigurationList = 837CE43F1D4C5B6900EC3FDA /* Build configuration list for PBXNativeTarget "IBLocalizableSample" */;
			buildPhases = (
				837CE42C1D4C5B6900EC3FDA /* Sources */,
				837CE42D1D4C5B6900EC3FDA /* Frameworks */,
				837CE42E1D4C5B6900EC3FDA /* Resources */,
			);
			buildRules = (
			);
			dependencies = (
			);
			name = IBLocalizableSample;
			productName = IBLocalizableSample;
			productReference = 837CE4301D4C5B6900EC3FDA /* IBLocalizableSample.app */;
			productType = "com.apple.product-type.application";
		};
/* End PBXNativeTarget section */

/* Begin PBXProject section */
		837CE4001D4C50B000EC3FDA /* Project object */ = {
			isa = PBXProject;
			attributes = {
				LastSwiftUpdateCheck = 0730;
				LastUpgradeCheck = 0730;
				ORGANIZATIONNAME = "Chris Jimenez";
				TargetAttributes = {
					837CE4081D4C50B000EC3FDA = {
						CreatedOnToolsVersion = 7.3.1;
					};
					837CE4121D4C50B000EC3FDA = {
						CreatedOnToolsVersion = 7.3.1;
					};
					837CE42F1D4C5B6900EC3FDA = {
						CreatedOnToolsVersion = 7.3.1;
					};
				};
			};
			buildConfigurationList = 837CE4031D4C50B000EC3FDA /* Build configuration list for PBXProject "IBLocalizable" */;
			compatibilityVersion = "Xcode 3.2";
			developmentRegion = English;
			hasScannedForEncodings = 0;
			knownRegions = (
				en,
				Base,
			);
			mainGroup = 837CE3FF1D4C50B000EC3FDA;
			productRefGroup = 837CE40A1D4C50B000EC3FDA /* Products */;
			projectDirPath = "";
			projectRoot = "";
			targets = (
				837CE4081D4C50B000EC3FDA /* IBLocalizable */,
				837CE4121D4C50B000EC3FDA /* IBLocalizableTests */,
				837CE42F1D4C5B6900EC3FDA /* IBLocalizableSample */,
			);
		};
/* End PBXProject section */

/* Begin PBXResourcesBuildPhase section */
		837CE4071D4C50B000EC3FDA /* Resources */ = {
			isa = PBXResourcesBuildPhase;
			buildActionMask = 2147483647;
			files = (
			);
			runOnlyForDeploymentPostprocessing = 0;
		};
		837CE4111D4C50B000EC3FDA /* Resources */ = {
			isa = PBXResourcesBuildPhase;
			buildActionMask = 2147483647;
			files = (
			);
			runOnlyForDeploymentPostprocessing = 0;
		};
		837CE42E1D4C5B6900EC3FDA /* Resources */ = {
			isa = PBXResourcesBuildPhase;
			buildActionMask = 2147483647;
			files = (
				837CE43D1D4C5B6900EC3FDA /* LaunchScreen.storyboard in Resources */,
				837CE44B1D4C5D3F00EC3FDA /* Localizable.strings in Resources */,
				837CE43A1D4C5B6900EC3FDA /* Assets.xcassets in Resources */,
				837CE4381D4C5B6900EC3FDA /* Main.storyboard in Resources */,
			);
			runOnlyForDeploymentPostprocessing = 0;
		};
/* End PBXResourcesBuildPhase section */

/* Begin PBXShellScriptBuildPhase section */
		10C779E6A8297F2A6118AADA /* [CP] Copy Pods Resources */ = {
			isa = PBXShellScriptBuildPhase;
			buildActionMask = 2147483647;
			files = (
			);
			inputPaths = (
			);
			name = "[CP] Copy Pods Resources";
			outputPaths = (
			);
			runOnlyForDeploymentPostprocessing = 0;
			shellPath = /bin/sh;
			shellScript = "\"${SRCROOT}/Pods/Target Support Files/Pods-IBLocalizable/Pods-IBLocalizable-resources.sh\"\n";
			showEnvVarsInLog = 0;
		};
		1189DD71CB36FC0E0D9C1A2A /* [CP] Check Pods Manifest.lock */ = {
			isa = PBXShellScriptBuildPhase;
			buildActionMask = 2147483647;
			files = (
			);
			inputPaths = (
			);
			name = "[CP] Check Pods Manifest.lock";
			outputPaths = (
			);
			runOnlyForDeploymentPostprocessing = 0;
			shellPath = /bin/sh;
			shellScript = "diff \"${PODS_ROOT}/../Podfile.lock\" \"${PODS_ROOT}/Manifest.lock\" > /dev/null\nif [[ $? != 0 ]] ; then\n    cat << EOM\nerror: The sandbox is not in sync with the Podfile.lock. Run 'pod install' or update your CocoaPods installation.\nEOM\n    exit 1\nfi\n";
			showEnvVarsInLog = 0;
		};
		9753B7E90B56AE10A2A6AD96 /* [CP] Copy Pods Resources */ = {
			isa = PBXShellScriptBuildPhase;
			buildActionMask = 2147483647;
			files = (
			);
			inputPaths = (
			);
			name = "[CP] Copy Pods Resources";
			outputPaths = (
			);
			runOnlyForDeploymentPostprocessing = 0;
			shellPath = /bin/sh;
			shellScript = "\"${SRCROOT}/Pods/Target Support Files/Pods-IBLocalizableTests/Pods-IBLocalizableTests-resources.sh\"\n";
			showEnvVarsInLog = 0;
		};
		C70FB614EAC61E033BFF105B /* [CP] Embed Pods Frameworks */ = {
			isa = PBXShellScriptBuildPhase;
			buildActionMask = 2147483647;
			files = (
			);
			inputPaths = (
			);
			name = "[CP] Embed Pods Frameworks";
			outputPaths = (
			);
			runOnlyForDeploymentPostprocessing = 0;
			shellPath = /bin/sh;
			shellScript = "\"${SRCROOT}/Pods/Target Support Files/Pods-IBLocalizableTests/Pods-IBLocalizableTests-frameworks.sh\"\n";
			showEnvVarsInLog = 0;
		};
		CCFD1945148EF39E72A1EFDB /* [CP] Check Pods Manifest.lock */ = {
			isa = PBXShellScriptBuildPhase;
			buildActionMask = 2147483647;
			files = (
			);
			inputPaths = (
			);
			name = "[CP] Check Pods Manifest.lock";
			outputPaths = (
			);
			runOnlyForDeploymentPostprocessing = 0;
			shellPath = /bin/sh;
			shellScript = "diff \"${PODS_ROOT}/../Podfile.lock\" \"${PODS_ROOT}/Manifest.lock\" > /dev/null\nif [[ $? != 0 ]] ; then\n    cat << EOM\nerror: The sandbox is not in sync with the Podfile.lock. Run 'pod install' or update your CocoaPods installation.\nEOM\n    exit 1\nfi\n";
			showEnvVarsInLog = 0;
		};
/* End PBXShellScriptBuildPhase section */

/* Begin PBXSourcesBuildPhase section */
		837CE4041D4C50B000EC3FDA /* Sources */ = {
			isa = PBXSourcesBuildPhase;
			buildActionMask = 2147483647;
			files = (
				837CE4521D4C684600EC3FDA /* LocalizableButton.swift in Sources */,
				837CE44F1D4C5F0D00EC3FDA /* LocalizableLabel.swift in Sources */,
				837CE45B1D4C73FA00EC3FDA /* LocalizableTextField.swift in Sources */,
				837CE42B1D4C59AE00EC3FDA /* LocalizableString.swift in Sources */,
				837CE4241D4C54D400EC3FDA /* Localizable.swift in Sources */,
				837CE4671D4C78AF00EC3FDA /* LocalizableNavigationItem.swift in Sources */,
				837CE45E1D4C74D400EC3FDA /* LocalizableTextView.swift in Sources */,
				837CE4581D4C6C7600EC3FDA /* LocalizableView.swift in Sources */,
				837CE4641D4C768F00EC3FDA /* LocalizableUIBarItem.swift in Sources */,
			);
			runOnlyForDeploymentPostprocessing = 0;
		};
		837CE40F1D4C50B000EC3FDA /* Sources */ = {
			isa = PBXSourcesBuildPhase;
			buildActionMask = 2147483647;
			files = (
				837CE4191D4C50B000EC3FDA /* IBLocalizableTests.swift in Sources */,
			);
			runOnlyForDeploymentPostprocessing = 0;
		};
		837CE42C1D4C5B6900EC3FDA /* Sources */ = {
			isa = PBXSourcesBuildPhase;
			buildActionMask = 2147483647;
			files = (
				837CE45F1D4C74D400EC3FDA /* LocalizableTextView.swift in Sources */,
				837CE4531D4C684600EC3FDA /* LocalizableButton.swift in Sources */,
				837CE4501D4C5F0D00EC3FDA /* LocalizableLabel.swift in Sources */,
				837CE4651D4C768F00EC3FDA /* LocalizableUIBarItem.swift in Sources */,
				837CE4441D4C5BFB00EC3FDA /* Localizable.swift in Sources */,
				837CE4421D4C5BF000EC3FDA /* LocalizableString.swift in Sources */,
				837CE45C1D4C73FA00EC3FDA /* LocalizableTextField.swift in Sources */,
				837CE4591D4C6C7600EC3FDA /* LocalizableView.swift in Sources */,
				837CE4351D4C5B6900EC3FDA /* ViewController.swift in Sources */,
				837CE4331D4C5B6900EC3FDA /* AppDelegate.swift in Sources */,
				837CE4681D4C78AF00EC3FDA /* LocalizableNavigationItem.swift in Sources */,
			);
			runOnlyForDeploymentPostprocessing = 0;
		};
/* End PBXSourcesBuildPhase section */

/* Begin PBXTargetDependency section */
		837CE4161D4C50B000EC3FDA /* PBXTargetDependency */ = {
			isa = PBXTargetDependency;
			target = 837CE4081D4C50B000EC3FDA /* IBLocalizable */;
			targetProxy = 837CE4151D4C50B000EC3FDA /* PBXContainerItemProxy */;
		};
/* End PBXTargetDependency section */

/* Begin PBXVariantGroup section */
		837CE4361D4C5B6900EC3FDA /* Main.storyboard */ = {
			isa = PBXVariantGroup;
			children = (
				837CE4371D4C5B6900EC3FDA /* Base */,
			);
			name = Main.storyboard;
			sourceTree = "<group>";
		};
		837CE43B1D4C5B6900EC3FDA /* LaunchScreen.storyboard */ = {
			isa = PBXVariantGroup;
			children = (
				837CE43C1D4C5B6900EC3FDA /* Base */,
			);
			name = LaunchScreen.storyboard;
			sourceTree = "<group>";
		};
		837CE44D1D4C5D3F00EC3FDA /* Localizable.strings */ = {
			isa = PBXVariantGroup;
			children = (
				837CE44C1D4C5D3F00EC3FDA /* Base */,
			);
			name = Localizable.strings;
			sourceTree = "<group>";
		};
/* End PBXVariantGroup section */

/* Begin XCBuildConfiguration section */
		837CE41B1D4C50B000EC3FDA /* Debug */ = {
			isa = XCBuildConfiguration;
			buildSettings = {
				ALWAYS_SEARCH_USER_PATHS = NO;
				CLANG_ANALYZER_NONNULL = YES;
				CLANG_CXX_LANGUAGE_STANDARD = "gnu++0x";
				CLANG_CXX_LIBRARY = "libc++";
				CLANG_ENABLE_MODULES = YES;
				CLANG_ENABLE_OBJC_ARC = YES;
				CLANG_WARN_BOOL_CONVERSION = YES;
				CLANG_WARN_CONSTANT_CONVERSION = YES;
				CLANG_WARN_DIRECT_OBJC_ISA_USAGE = YES_ERROR;
				CLANG_WARN_EMPTY_BODY = YES;
				CLANG_WARN_ENUM_CONVERSION = YES;
				CLANG_WARN_INT_CONVERSION = YES;
				CLANG_WARN_OBJC_ROOT_CLASS = YES_ERROR;
				CLANG_WARN_UNREACHABLE_CODE = YES;
				CLANG_WARN__DUPLICATE_METHOD_MATCH = YES;
				"CODE_SIGN_IDENTITY[sdk=iphoneos*]" = "iPhone Developer";
				COPY_PHASE_STRIP = NO;
				CURRENT_PROJECT_VERSION = 1;
				DEBUG_INFORMATION_FORMAT = dwarf;
				ENABLE_STRICT_OBJC_MSGSEND = YES;
				ENABLE_TESTABILITY = YES;
				GCC_C_LANGUAGE_STANDARD = gnu99;
				GCC_DYNAMIC_NO_PIC = NO;
				GCC_NO_COMMON_BLOCKS = YES;
				GCC_OPTIMIZATION_LEVEL = 0;
				GCC_PREPROCESSOR_DEFINITIONS = (
					"DEBUG=1",
					"$(inherited)",
				);
				GCC_WARN_64_TO_32_BIT_CONVERSION = YES;
				GCC_WARN_ABOUT_RETURN_TYPE = YES_ERROR;
				GCC_WARN_UNDECLARED_SELECTOR = YES;
				GCC_WARN_UNINITIALIZED_AUTOS = YES_AGGRESSIVE;
				GCC_WARN_UNUSED_FUNCTION = YES;
				GCC_WARN_UNUSED_VARIABLE = YES;
				IPHONEOS_DEPLOYMENT_TARGET = 9.3;
				MTL_ENABLE_DEBUG_INFO = YES;
				ONLY_ACTIVE_ARCH = YES;
				SDKROOT = iphoneos;
				SWIFT_OPTIMIZATION_LEVEL = "-Onone";
				TARGETED_DEVICE_FAMILY = "1,2";
				VERSIONING_SYSTEM = "apple-generic";
				VERSION_INFO_PREFIX = "";
			};
			name = Debug;
		};
		837CE41C1D4C50B000EC3FDA /* Release */ = {
			isa = XCBuildConfiguration;
			buildSettings = {
				ALWAYS_SEARCH_USER_PATHS = NO;
				CLANG_ANALYZER_NONNULL = YES;
				CLANG_CXX_LANGUAGE_STANDARD = "gnu++0x";
				CLANG_CXX_LIBRARY = "libc++";
				CLANG_ENABLE_MODULES = YES;
				CLANG_ENABLE_OBJC_ARC = YES;
				CLANG_WARN_BOOL_CONVERSION = YES;
				CLANG_WARN_CONSTANT_CONVERSION = YES;
				CLANG_WARN_DIRECT_OBJC_ISA_USAGE = YES_ERROR;
				CLANG_WARN_EMPTY_BODY = YES;
				CLANG_WARN_ENUM_CONVERSION = YES;
				CLANG_WARN_INT_CONVERSION = YES;
				CLANG_WARN_OBJC_ROOT_CLASS = YES_ERROR;
				CLANG_WARN_UNREACHABLE_CODE = YES;
				CLANG_WARN__DUPLICATE_METHOD_MATCH = YES;
				"CODE_SIGN_IDENTITY[sdk=iphoneos*]" = "iPhone Developer";
				COPY_PHASE_STRIP = NO;
				CURRENT_PROJECT_VERSION = 1;
				DEBUG_INFORMATION_FORMAT = "dwarf-with-dsym";
				ENABLE_NS_ASSERTIONS = NO;
				ENABLE_STRICT_OBJC_MSGSEND = YES;
				GCC_C_LANGUAGE_STANDARD = gnu99;
				GCC_NO_COMMON_BLOCKS = YES;
				GCC_WARN_64_TO_32_BIT_CONVERSION = YES;
				GCC_WARN_ABOUT_RETURN_TYPE = YES_ERROR;
				GCC_WARN_UNDECLARED_SELECTOR = YES;
				GCC_WARN_UNINITIALIZED_AUTOS = YES_AGGRESSIVE;
				GCC_WARN_UNUSED_FUNCTION = YES;
				GCC_WARN_UNUSED_VARIABLE = YES;
				IPHONEOS_DEPLOYMENT_TARGET = 9.3;
				MTL_ENABLE_DEBUG_INFO = NO;
				SDKROOT = iphoneos;
				TARGETED_DEVICE_FAMILY = "1,2";
				VALIDATE_PRODUCT = YES;
				VERSIONING_SYSTEM = "apple-generic";
				VERSION_INFO_PREFIX = "";
			};
			name = Release;
		};
		837CE41E1D4C50B000EC3FDA /* Debug */ = {
			isa = XCBuildConfiguration;
			baseConfigurationReference = BAC76A85E9EDC9C8090DEAF5 /* Pods-IBLocalizable.debug.xcconfig */;
			buildSettings = {
				CLANG_ENABLE_MODULES = YES;
				DEFINES_MODULE = YES;
				DYLIB_COMPATIBILITY_VERSION = 1;
				DYLIB_CURRENT_VERSION = 1;
				DYLIB_INSTALL_NAME_BASE = "@rpath";
				INFOPLIST_FILE = IBLocalizable/Info.plist;
				INSTALL_PATH = "$(LOCAL_LIBRARY_DIR)/Frameworks";
				LD_RUNPATH_SEARCH_PATHS = "$(inherited) @executable_path/Frameworks @loader_path/Frameworks";
				PRODUCT_BUNDLE_IDENTIFIER = com.greenpixels.IBLocalizable;
				PRODUCT_NAME = "$(TARGET_NAME)";
				SKIP_INSTALL = YES;
				SWIFT_OPTIMIZATION_LEVEL = "-Onone";
			};
			name = Debug;
		};
		837CE41F1D4C50B000EC3FDA /* Release */ = {
			isa = XCBuildConfiguration;
			baseConfigurationReference = 40A20B272AC4DC65C69EDBEE /* Pods-IBLocalizable.release.xcconfig */;
			buildSettings = {
				CLANG_ENABLE_MODULES = YES;
				DEFINES_MODULE = YES;
				DYLIB_COMPATIBILITY_VERSION = 1;
				DYLIB_CURRENT_VERSION = 1;
				DYLIB_INSTALL_NAME_BASE = "@rpath";
				INFOPLIST_FILE = IBLocalizable/Info.plist;
				INSTALL_PATH = "$(LOCAL_LIBRARY_DIR)/Frameworks";
				LD_RUNPATH_SEARCH_PATHS = "$(inherited) @executable_path/Frameworks @loader_path/Frameworks";
				PRODUCT_BUNDLE_IDENTIFIER = com.greenpixels.IBLocalizable;
				PRODUCT_NAME = "$(TARGET_NAME)";
				SKIP_INSTALL = YES;
			};
			name = Release;
		};
		837CE4211D4C50B000EC3FDA /* Debug */ = {
			isa = XCBuildConfiguration;
			baseConfigurationReference = C1DEC4FD786CBE2B9BFF0A5F /* Pods-IBLocalizableTests.debug.xcconfig */;
			buildSettings = {
				INFOPLIST_FILE = IBLocalizableTests/Info.plist;
				LD_RUNPATH_SEARCH_PATHS = "$(inherited) @executable_path/Frameworks @loader_path/Frameworks";
				PRODUCT_BUNDLE_IDENTIFIER = com.greenpixels.IBLocalizableTests;
				PRODUCT_NAME = "$(TARGET_NAME)";
			};
			name = Debug;
		};
		837CE4221D4C50B000EC3FDA /* Release */ = {
			isa = XCBuildConfiguration;
			baseConfigurationReference = 5C7A5E9C736037A905BDAE9A /* Pods-IBLocalizableTests.release.xcconfig */;
			buildSettings = {
				INFOPLIST_FILE = IBLocalizableTests/Info.plist;
				LD_RUNPATH_SEARCH_PATHS = "$(inherited) @executable_path/Frameworks @loader_path/Frameworks";
				PRODUCT_BUNDLE_IDENTIFIER = com.greenpixels.IBLocalizableTests;
				PRODUCT_NAME = "$(TARGET_NAME)";
			};
			name = Release;
		};
		837CE4401D4C5B6900EC3FDA /* Debug */ = {
			isa = XCBuildConfiguration;
			buildSettings = {
				ASSETCATALOG_COMPILER_APPICON_NAME = AppIcon;
				INFOPLIST_FILE = IBLocalizableSample/Info.plist;
				LD_RUNPATH_SEARCH_PATHS = "$(inherited) @executable_path/Frameworks";
				PRODUCT_BUNDLE_IDENTIFIER = com.greenpixels.IBLocalizableSample;
				PRODUCT_NAME = "$(TARGET_NAME)";
			};
			name = Debug;
		};
		837CE4411D4C5B6900EC3FDA /* Release */ = {
			isa = XCBuildConfiguration;
			buildSettings = {
				ASSETCATALOG_COMPILER_APPICON_NAME = AppIcon;
				INFOPLIST_FILE = IBLocalizableSample/Info.plist;
				LD_RUNPATH_SEARCH_PATHS = "$(inherited) @executable_path/Frameworks";
				PRODUCT_BUNDLE_IDENTIFIER = com.greenpixels.IBLocalizableSample;
				PRODUCT_NAME = "$(TARGET_NAME)";
			};
			name = Release;
		};
/* End XCBuildConfiguration section */

/* Begin XCConfigurationList section */
		837CE4031D4C50B000EC3FDA /* Build configuration list for PBXProject "IBLocalizable" */ = {
			isa = XCConfigurationList;
			buildConfigurations = (
				837CE41B1D4C50B000EC3FDA /* Debug */,
				837CE41C1D4C50B000EC3FDA /* Release */,
			);
			defaultConfigurationIsVisible = 0;
			defaultConfigurationName = Release;
		};
		837CE41D1D4C50B000EC3FDA /* Build configuration list for PBXNativeTarget "IBLocalizable" */ = {
			isa = XCConfigurationList;
			buildConfigurations = (
				837CE41E1D4C50B000EC3FDA /* Debug */,
				837CE41F1D4C50B000EC3FDA /* Release */,
			);
			defaultConfigurationIsVisible = 0;
			defaultConfigurationName = Release;
		};
		837CE4201D4C50B000EC3FDA /* Build configuration list for PBXNativeTarget "IBLocalizableTests" */ = {
			isa = XCConfigurationList;
			buildConfigurations = (
				837CE4211D4C50B000EC3FDA /* Debug */,
				837CE4221D4C50B000EC3FDA /* Release */,
			);
			defaultConfigurationIsVisible = 0;
			defaultConfigurationName = Release;
		};
		837CE43F1D4C5B6900EC3FDA /* Build configuration list for PBXNativeTarget "IBLocalizableSample" */ = {
			isa = XCConfigurationList;
			buildConfigurations = (
				837CE4401D4C5B6900EC3FDA /* Debug */,
				837CE4411D4C5B6900EC3FDA /* Release */,
			);
			defaultConfigurationIsVisible = 0;
		};
/* End XCConfigurationList section */
	};
	rootObject = 837CE4001D4C50B000EC3FDA /* Project object */;
}
